
Microsoft Visual Studio Solution File, Format Version 12.00
# Visual Studio Version 16
VisualStudioVersion = 16.0.31624.102
MinimumVisualStudioVersion = 10.0.40219.1
Project("{FAE04EC0-301F-11D3-BF4B-00C04F79EFBC}") = "Bookcrossing.Auth", "Bookcrossing.Auth\Bookcrossing.Auth.csproj", "{A60519B9-6490-4316-A40E-C07C6C2557A3}"
EndProject
Project("{FAE04EC0-301F-11D3-BF4B-00C04F79EFBC}") = "Bookcrossing.Auth.Data", "Bookcrossing.Auth.Data\Bookcrossing.Auth.Data.csproj", "{A47A8B4D-4C21-46FA-9377-C7477BB7E85A}"
EndProject
Project("{FAE04EC0-301F-11D3-BF4B-00C04F79EFBC}") = "Bookcrossing.Auth.Contracts", "Bookcrossing.Auth.Contracts\Bookcrossing.Auth.Contracts.csproj", "{B2211EAA-25BC-4049-86A8-395E9F1C4A37}"
EndProject
Global
	GlobalSection(SolutionConfigurationPlatforms) = preSolution
		Debug|Any CPU = Debug|Any CPU
		Release|Any CPU = Release|Any CPU
	EndGlobalSection
	GlobalSection(ProjectConfigurationPlatforms) = postSolution
		{A60519B9-6490-4316-A40E-C07C6C2557A3}.Debug|Any CPU.ActiveCfg = Debug|Any CPU
		{A60519B9-6490-4316-A40E-C07C6C2557A3}.Debug|Any CPU.Build.0 = Debug|Any CPU
		{A60519B9-6490-4316-A40E-C07C6C2557A3}.Release|Any CPU.ActiveCfg = Release|Any CPU
		{A60519B9-6490-4316-A40E-C07C6C2557A3}.Release|Any CPU.Build.0 = Release|Any CPU
		{A47A8B4D-4C21-46FA-9377-C7477BB7E85A}.Debug|Any CPU.ActiveCfg = Debug|Any CPU
		{A47A8B4D-4C21-46FA-9377-C7477BB7E85A}.Debug|Any CPU.Build.0 = Debug|Any CPU
		{A47A8B4D-4C21-46FA-9377-C7477BB7E85A}.Release|Any CPU.ActiveCfg = Release|Any CPU
		{A47A8B4D-4C21-46FA-9377-C7477BB7E85A}.Release|Any CPU.Build.0 = Release|Any CPU
		{B2211EAA-25BC-4049-86A8-395E9F1C4A37}.Debug|Any CPU.ActiveCfg = Debug|Any CPU
		{B2211EAA-25BC-4049-86A8-395E9F1C4A37}.Debug|Any CPU.Build.0 = Debug|Any CPU
		{B2211EAA-25BC-4049-86A8-395E9F1C4A37}.Release|Any CPU.ActiveCfg = Release|Any CPU
		{B2211EAA-25BC-4049-86A8-395E9F1C4A37}.Release|Any CPU.Build.0 = Release|Any CPU
	EndGlobalSection
	GlobalSection(SolutionProperties) = preSolution
		HideSolutionNode = FALSE
	EndGlobalSection
	GlobalSection(ExtensibilityGlobals) = postSolution
		SolutionGuid = {80BD56A6-FBB8-44DE-BEEB-FB5491CD94E6}
	EndGlobalSection
EndGlobal
